
Microsoft Visual Studio Solution File, Format Version 12.00
# Visual Studio Version 17
VisualStudioVersion = 17.2.32602.215
MinimumVisualStudioVersion = 10.0.40219.1
Project("{2150E333-8FDC-42A3-9474-1A3956D46DE8}") = "100. REPOSITORY CONFIGURATION.", "100. REPOSITORY CONFIGURATION.", "{CAF149B8-66BB-4F03-97D2-D41087FA2431}"
	ProjectSection(SolutionItems) = preProject
		..\.editorconfig = ..\.editorconfig
		..\.gitignore = ..\.gitignore
		..\LICENSE = ..\LICENSE
	EndProjectSection
EndProject
Project("{9A19103F-16F7-4668-BE54-9A1E7A4F7556}") = "Restify.Modules.Tests", "Modules\Restify.Modules.Tests\Restify.Modules.Tests.csproj", "{CB23ED48-8FDC-4B8F-BBD3-9DEBD554B330}"
EndProject
Project("{2150E333-8FDC-42A3-9474-1A3956D46DE8}") = "200. MODULES.", "200. MODULES.", "{F6E9091A-3233-4FAD-A464-A2A4D0921329}"
EndProject
Project("{2150E333-8FDC-42A3-9474-1A3956D46DE8}") = "100. SOURCE.", "100. SOURCE.", "{D83F4468-2243-4CFC-B78A-E88AF3300C59}"
EndProject
Project("{2150E333-8FDC-42A3-9474-1A3956D46DE8}") = "200. TESTS.", "200. TESTS.", "{F3CE4FF0-2E8A-4E60-A584-FCAC690391F6}"
EndProject
Project("{9A19103F-16F7-4668-BE54-9A1E7A4F7556}") = "Restify.Modules", "Modules\Restify.Modules\Restify.Modules.csproj", "{F112CFA1-FC47-40E0-A21A-1DC4333B6EEC}"
EndProject
Project("{9A19103F-16F7-4668-BE54-9A1E7A4F7556}") = "Restify.Modules.Services.Abstractions", "Modules\Restify.Modules.Services.Abstractions\Restify.Modules.Services.Abstractions.csproj", "{10435A04-B163-48D5-9859-8DBB7454009E}"
EndProject
Project("{9A19103F-16F7-4668-BE54-9A1E7A4F7556}") = "Restify.Modules.Routing.Abstractions", "Modules\Restify.Modules.Routing.Abstractions\Restify.Modules.Routing.Abstractions.csproj", "{29A226C0-7361-4BEF-AEC2-DE587DC07921}"
EndProject
Project("{9A19103F-16F7-4668-BE54-9A1E7A4F7556}") = "Restify.Modules.Middleware.Abstractions", "Modules\Restify.Modules.Middleware.Abstractions\Restify.Modules.Middleware.Abstractions.csproj", "{D32AB5F6-ACBC-4A03-82CB-62C5E46C4FF6}"
EndProject
Global
	GlobalSection(SolutionConfigurationPlatforms) = preSolution
		Debug|Any CPU = Debug|Any CPU
		Release|Any CPU = Release|Any CPU
	EndGlobalSection
	GlobalSection(ProjectConfigurationPlatforms) = postSolution
		{CB23ED48-8FDC-4B8F-BBD3-9DEBD554B330}.Debug|Any CPU.ActiveCfg = Debug|Any CPU
		{CB23ED48-8FDC-4B8F-BBD3-9DEBD554B330}.Debug|Any CPU.Build.0 = Debug|Any CPU
		{CB23ED48-8FDC-4B8F-BBD3-9DEBD554B330}.Release|Any CPU.ActiveCfg = Release|Any CPU
		{CB23ED48-8FDC-4B8F-BBD3-9DEBD554B330}.Release|Any CPU.Build.0 = Release|Any CPU
		{F112CFA1-FC47-40E0-A21A-1DC4333B6EEC}.Debug|Any CPU.ActiveCfg = Debug|Any CPU
		{F112CFA1-FC47-40E0-A21A-1DC4333B6EEC}.Debug|Any CPU.Build.0 = Debug|Any CPU
		{F112CFA1-FC47-40E0-A21A-1DC4333B6EEC}.Release|Any CPU.ActiveCfg = Release|Any CPU
		{F112CFA1-FC47-40E0-A21A-1DC4333B6EEC}.Release|Any CPU.Build.0 = Release|Any CPU
		{10435A04-B163-48D5-9859-8DBB7454009E}.Debug|Any CPU.ActiveCfg = Debug|Any CPU
		{10435A04-B163-48D5-9859-8DBB7454009E}.Debug|Any CPU.Build.0 = Debug|Any CPU
		{10435A04-B163-48D5-9859-8DBB7454009E}.Release|Any CPU.ActiveCfg = Release|Any CPU
		{10435A04-B163-48D5-9859-8DBB7454009E}.Release|Any CPU.Build.0 = Release|Any CPU
		{29A226C0-7361-4BEF-AEC2-DE587DC07921}.Debug|Any CPU.ActiveCfg = Debug|Any CPU
		{29A226C0-7361-4BEF-AEC2-DE587DC07921}.Debug|Any CPU.Build.0 = Debug|Any CPU
		{29A226C0-7361-4BEF-AEC2-DE587DC07921}.Release|Any CPU.ActiveCfg = Release|Any CPU
		{29A226C0-7361-4BEF-AEC2-DE587DC07921}.Release|Any CPU.Build.0 = Release|Any CPU
		{D32AB5F6-ACBC-4A03-82CB-62C5E46C4FF6}.Debug|Any CPU.ActiveCfg = Debug|Any CPU
		{D32AB5F6-ACBC-4A03-82CB-62C5E46C4FF6}.Debug|Any CPU.Build.0 = Debug|Any CPU
		{D32AB5F6-ACBC-4A03-82CB-62C5E46C4FF6}.Release|Any CPU.ActiveCfg = Release|Any CPU
		{D32AB5F6-ACBC-4A03-82CB-62C5E46C4FF6}.Release|Any CPU.Build.0 = Release|Any CPU
	EndGlobalSection
	GlobalSection(SolutionProperties) = preSolution
		HideSolutionNode = FALSE
	EndGlobalSection
	GlobalSection(NestedProjects) = preSolution
		{CB23ED48-8FDC-4B8F-BBD3-9DEBD554B330} = {F3CE4FF0-2E8A-4E60-A584-FCAC690391F6}
		{D83F4468-2243-4CFC-B78A-E88AF3300C59} = {F6E9091A-3233-4FAD-A464-A2A4D0921329}
		{F3CE4FF0-2E8A-4E60-A584-FCAC690391F6} = {F6E9091A-3233-4FAD-A464-A2A4D0921329}
		{F112CFA1-FC47-40E0-A21A-1DC4333B6EEC} = {D83F4468-2243-4CFC-B78A-E88AF3300C59}
		{10435A04-B163-48D5-9859-8DBB7454009E} = {D83F4468-2243-4CFC-B78A-E88AF3300C59}
		{29A226C0-7361-4BEF-AEC2-DE587DC07921} = {D83F4468-2243-4CFC-B78A-E88AF3300C59}
		{D32AB5F6-ACBC-4A03-82CB-62C5E46C4FF6} = {D83F4468-2243-4CFC-B78A-E88AF3300C59}
	EndGlobalSection
	GlobalSection(ExtensibilityGlobals) = postSolution
		SolutionGuid = {B193E223-323E-46DF-B7C2-949AB763B390}
	EndGlobalSection
EndGlobal
